# THIS IS AN AUTOGENERATED FILE. DO NOT EDIT THIS FILE DIRECTLY.
# yarn lockfile v1


"@aikochan2k6/qrcode-terminal@^0.12.1":
  version "0.12.1"
  resolved "https://registry.npmjs.org/@aikochan2k6/qrcode-terminal/-/qrcode-terminal-0.12.1.tgz"
  integrity sha512-GfSrCCqKti0XyomCOaFRL//dnEpDux4tJleywuYChjHue+pqjM0lP39cQq8qtmfcOm1CqhWQeB6JS6kY4tQ8Tw==

"@discord-player/equalizer@^0.2.2":
  version "0.2.2"
  resolved "https://registry.npmjs.org/@discord-player/equalizer/-/equalizer-0.2.2.tgz"
  integrity sha512-U86em1cMtopXVuKFDxP8J2DcNOqwCAsYQ2tkzPoJvchsrezcI2cgvN3jtGt9FFECP3pLvSz96ZB9FOHZKG5Mqg==

"@discord-player/ffmpeg@^0.1.0":
  version "0.1.0"
  resolved "https://registry.npmjs.org/@discord-player/ffmpeg/-/ffmpeg-0.1.0.tgz"
  integrity sha512-0kW6q4gMQN2B4Z4EzmUgXrKQSXXmyhjdZBBZ/6jSHZ9fh814oOu+JXP01VvtWHwTylI7qJHIctEWtSyjEubCJg==

"@discord-player/utils@^0.2.2":
  version "0.2.2"
  resolved "https://registry.npmjs.org/@discord-player/utils/-/utils-0.2.2.tgz"
  integrity sha512-UklWUT7BcZEkBgywM9Cmpo2nwj3SQ9Wmhu6ml1uy/YRQnY8IRdZEHD84T2kfjOg4LVZek0ej1VerIqq7a9PAHQ==
  dependencies:
    "@discordjs/collection" "^1.1.0"

"@discordjs/builders@^1.6.3":
  version "1.6.3"
  resolved "https://registry.npmjs.org/@discordjs/builders/-/builders-1.6.3.tgz"
  integrity sha512-CTCh8NqED3iecTNuiz49mwSsrc2iQb4d0MjMdmS/8pb69Y4IlzJ/DIy/p5GFlgOrFbNO2WzMHkWKQSiJ3VNXaw==
  dependencies:
    "@discordjs/formatters" "^0.3.1"
    "@discordjs/util" "^0.3.1"
    "@sapphire/shapeshift" "^3.8.2"
    discord-api-types "^0.37.41"
    fast-deep-equal "^3.1.3"
    ts-mixer "^6.0.3"
    tslib "^2.5.0"

"@discordjs/collection@^1.1.0", "@discordjs/collection@^1.5.3":
  version "1.5.3"
  resolved "https://registry.yarnpkg.com/@discordjs/collection/-/collection-1.5.3.tgz#5a1250159ebfff9efa4f963cfa7e97f1b291be18"
  integrity sha512-SVb428OMd3WO1paV3rm6tSjM4wC+Kecaa1EUGX7vc6/fddvw/6lg90z4QtCqm21zvVe92vMMDt9+DkIvjXImQQ==

"@discordjs/formatters@^0.3.1":
  version "0.3.1"
  resolved "https://registry.npmjs.org/@discordjs/formatters/-/formatters-0.3.1.tgz"
  integrity sha512-M7X4IGiSeh4znwcRGcs+49B5tBkNDn4k5bmhxJDAUhRxRHTiFAOTVUNQ6yAKySu5jZTnCbSvTYHW3w0rAzV1MA==
  dependencies:
    discord-api-types "^0.37.41"

"@discordjs/util@^0.3.1":
  version "0.3.1"
  resolved "https://registry.npmjs.org/@discordjs/util/-/util-0.3.1.tgz"
  integrity sha512-HxXKYKg7vohx2/OupUN/4Sd02Ev3PBJ5q0gtjdcvXb0ErCva8jNHWfe/v5sU3UKjIB/uxOhc+TDOnhqffj9pRA==

"@discordjs/voice@^0.16.0", "@discordjs/voice@latest":
  version "0.16.0"
  resolved "https://registry.npmjs.org/@discordjs/voice/-/voice-0.16.0.tgz"
  integrity sha512-ToGCvHD1cBscuW3p+C7zOF5+L7MJmU4GjdOARfNk9mkHyFFZq4grK+Sxr3QXKbp27DtfDBc9uqD4GUOYgxngfA==
  dependencies:
    "@types/ws" "^8.5.4"
    discord-api-types "^0.37.37"
    prism-media "^1.3.5"
    tslib "^2.5.0"
    ws "^8.13.0"

"@sapphire/async-queue@^1.5.0":
  version "1.5.0"
  resolved "https://registry.npmjs.org/@sapphire/async-queue/-/async-queue-1.5.0.tgz"
  integrity sha512-JkLdIsP8fPAdh9ZZjrbHWR/+mZj0wvKS5ICibcLrRI1j84UmLMshx5n9QmL8b95d4onJ2xxiyugTgSAX7AalmA==

"@sapphire/shapeshift@^3.8.2", "@sapphire/shapeshift@^3.9.3":
  version "3.9.3"
  resolved "https://registry.yarnpkg.com/@sapphire/shapeshift/-/shapeshift-3.9.3.tgz#89d26713044bc21cc5e0845e61a8a328ca3c1a84"
  integrity sha512-WzKJSwDYloSkHoBbE8rkRW8UNKJiSRJ/P8NqJ5iVq7U2Yr/kriIBx2hW+wj2Z5e5EnXL1hgYomgaFsdK6b+zqQ==
  dependencies:
    fast-deep-equal "^3.1.3"
    lodash "^4.17.21"

"@types/node-fetch@^2.6.7":
  version "2.6.9"
  resolved "https://registry.yarnpkg.com/@types/node-fetch/-/node-fetch-2.6.9.tgz#15f529d247f1ede1824f7e7acdaa192d5f28071e"
  integrity sha512-bQVlnMLFJ2d35DkPNjEPmd9ueO/rh5EiaZt2bhqiSarPjZIuIV6bPQVqcrEyvNo+AfTrRGVazle1tl597w3gfA==
  dependencies:
    "@types/node" "*"
    form-data "^4.0.0"

"@types/node@*":
  version "20.4.1"
  resolved "https://registry.npmjs.org/@types/node/-/node-20.4.1.tgz"
  integrity sha512-JIzsAvJeA/5iY6Y/OxZbv1lUcc8dNSE77lb2gnBH+/PJ3lFR1Ccvgwl5JWnHAkNHcRsT0TbpVOsiMKZ1F/yyJg==

"@types/ws@^8.5.4", "@types/ws@^8.5.8":
  version "8.5.9"
  resolved "https://registry.yarnpkg.com/@types/ws/-/ws-8.5.9.tgz#384c489f99c83225a53f01ebc3eddf3b8e202a8c"
  integrity sha512-jbdrY0a8lxfdTp/+r7Z4CkycbOFN8WX+IOchLJr3juT/xzbJ8URyTVSJ/hvNdadTgM1mnedb47n+Y31GsFnQlg==
  dependencies:
    "@types/node" "*"

ansi-styles@^4.1.0:
  version "4.3.0"
  resolved "https://registry.npmjs.org/ansi-styles/-/ansi-styles-4.3.0.tgz"
  integrity sha512-zbB9rCJAT1rbjiVDb2hqKFHNYLxgtk8NURxZ3IZwD3F6NtxbXZQCnnSi1Lkx+IDohdPlFp222wVALIheZJQSEg==
  dependencies:
    color-convert "^2.0.1"

ascii-table@^0.0.9:
  version "0.0.9"
  resolved "https://registry.npmjs.org/ascii-table/-/ascii-table-0.0.9.tgz"
  integrity sha512-xpkr6sCDIYTPqzvjG8M3ncw1YOTaloWZOyrUmicoEifBEKzQzt+ooUpRpQ/AbOoJfO/p2ZKiyp79qHThzJDulQ==

asynckit@^0.4.0:
  version "0.4.0"
  resolved "https://registry.npmjs.org/asynckit/-/asynckit-0.4.0.tgz"
  integrity sha512-Oei9OH4tRh0YqU3GxhX79dM/mwVgvbZJaSNaRk+bshkj0S5cfHcgYakreBjrHwatXKbz+IoIdYLxrKim2MjW0Q==

base64-js@^1.3.1:
  version "1.5.1"
  resolved "https://registry.npmjs.org/base64-js/-/base64-js-1.5.1.tgz"
  integrity sha512-AKpaYlHn8t4SVbOHCy+b5+KKgvR4vrsD8vbvrbiQJps7fKDTkjkDry6ji0rUJjC0kzbNePLwzxq8iypo41qeWA==

better-sqlite3@^8.4.0:
  version "8.4.0"
  resolved "https://registry.npmjs.org/better-sqlite3/-/better-sqlite3-8.4.0.tgz"
  integrity sha512-NmsNW1CQvqMszu/CFAJ3pLct6NEFlNfuGM6vw72KHkjOD1UDnL96XNN1BMQc1hiHo8vE2GbOWQYIpZ+YM5wrZw==
  dependencies:
    bindings "^1.5.0"
    prebuild-install "^7.1.0"

bignumber.js@^9.0.0:
  version "9.1.1"
  resolved "https://registry.npmjs.org/bignumber.js/-/bignumber.js-9.1.1.tgz"
  integrity sha512-pHm4LsMJ6lzgNGVfZHjMoO8sdoRhOzOH4MLmY65Jg70bpxCKu5iOHNJyfF6OyvYw7t8Fpf35RuzUyqnQsj8Vig==

bindings@^1.5.0:
  version "1.5.0"
  resolved "https://registry.npmjs.org/bindings/-/bindings-1.5.0.tgz"
  integrity sha512-p2q/t/mhvuOj/UeLlV6566GD/guowlr0hHxClI0W9m7MWYkL1F0hLo+0Aexs9HSPCtR1SXQ0TD3MMKrXZajbiQ==
  dependencies:
    file-uri-to-path "1.0.0"

bl@^4.0.3:
  version "4.1.0"
  resolved "https://registry.npmjs.org/bl/-/bl-4.1.0.tgz"
  integrity sha512-1W07cM9gS6DcLperZfFSj+bWLtaPGSOHWhPiGzXmvVJbRLdG82sH/Kn8EtW1VqWVA54AKf2h5k5BbnIbwF3h6w==
  dependencies:
    buffer "^5.5.0"
    inherits "^2.0.4"
    readable-stream "^3.4.0"

buffer@^5.5.0:
  version "5.7.1"
  resolved "https://registry.npmjs.org/buffer/-/buffer-5.7.1.tgz"
  integrity sha512-EHcyIPBQ4BSGlvjB16k5KgAJ27CIsHY/2JBmCRReo48y9rQ3MaUzWX3KVlBa4U7MyX02HdVj0K7C3WaB3ju7FQ==
  dependencies:
    base64-js "^1.3.1"
    ieee754 "^1.1.13"

chalk@^4.1.2:
  version "4.1.2"
  resolved "https://registry.npmjs.org/chalk/-/chalk-4.1.2.tgz"
  integrity sha512-oKnbhFyRIXpUuez8iBMmyEa4nbj4IOQyuhc/wy9kY7/WVPcwIO9VA668Pu8RkO7+0G76SLROeyw9CpQ061i4mA==
  dependencies:
    ansi-styles "^4.1.0"
    supports-color "^7.1.0"

chownr@^1.1.1:
  version "1.1.4"
  resolved "https://registry.npmjs.org/chownr/-/chownr-1.1.4.tgz"
  integrity sha512-jJ0bqzaylmJtVnNgzTeSOs8DPavpbYgEr/b0YL8/2GO3xJEhInFmhKMUnEJQjZumK7KXGFhUy89PrsJWlakBVg==

color-convert@^2.0.1:
  version "2.0.1"
  resolved "https://registry.npmjs.org/color-convert/-/color-convert-2.0.1.tgz"
  integrity sha512-RRECPsj7iu/xb5oKYcsFHSppFNnsj/52OVTRKb4zP5onXwVF3zVmmToNcOfGC+CRDpfK/U584fMg38ZHCaElKQ==
  dependencies:
    color-name "~1.1.4"

color-name@~1.1.4:
  version "1.1.4"
  resolved "https://registry.npmjs.org/color-name/-/color-name-1.1.4.tgz"
  integrity sha512-dOy+3AuW3a2wNbZHIuMZpTcgjGuLU/uBL/ubcZF9OXbDo8ff4O8yVp5Bf0efS8uEoYo5q4Fx7dY9OgQGXgAsQA==

combined-stream@^1.0.8:
  version "1.0.8"
  resolved "https://registry.npmjs.org/combined-stream/-/combined-stream-1.0.8.tgz"
  integrity sha512-FQN4MRfuJeHf7cBbBMJFXhKSDq+2kAArBlmRBvcvFE5BB1HZKXtSFASDhdlz9zOYwxh8lDdnvmMOe/+5cdoEdg==
  dependencies:
    delayed-stream "~1.0.0"

decompress-response@^6.0.0:
  version "6.0.0"
  resolved "https://registry.npmjs.org/decompress-response/-/decompress-response-6.0.0.tgz"
  integrity sha512-aW35yZM6Bb/4oJlZncMH2LCoZtJXTRxES17vE3hoRiowU2kWHaJKFkSBDnDR+cm9J+9QhXmREyIfv0pji9ejCQ==
  dependencies:
    mimic-response "^3.1.0"

deep-extend@^0.6.0:
  version "0.6.0"
  resolved "https://registry.npmjs.org/deep-extend/-/deep-extend-0.6.0.tgz"
  integrity sha512-LOHxIOaPYdHlJRtCQfDIVZtfw/ufM8+rVj649RIHzcm/vGwQRXFt6OPqIFWsm2XEMrNIEtWR64sY1LEKD2vAOA==

delayed-stream@~1.0.0:
  version "1.0.0"
  resolved "https://registry.npmjs.org/delayed-stream/-/delayed-stream-1.0.0.tgz"
  integrity sha512-ZySD7Nf91aLB0RxL4KGrKHBXl7Eds1DAmEdcoVawXnLD7SDhpNgtuII2aAkg7a7QS41jxPSZ17p4VdGnMHk3MQ==

detect-libc@^2.0.0:
  version "2.0.1"
  resolved "https://registry.npmjs.org/detect-libc/-/detect-libc-2.0.1.tgz"
  integrity sha512-463v3ZeIrcWtdgIg6vI6XUncguvr2TnGl4SzDXinkt9mSLpBJKXT3mW6xT3VQdDN11+WVs29pgvivTc4Lp8v+w==

discord-api-types@^0.37.37, discord-api-types@^0.37.41, discord-api-types@^0.37.61:
  version "0.37.63"
  resolved "https://registry.yarnpkg.com/discord-api-types/-/discord-api-types-0.37.63.tgz#ba7e6b425806fc7335afbdff69fc006dc6daf208"
  integrity sha512-WbEDWj/1JGCIC1oCMIC4z9XbYY8PrWpV5eqFFQymJhJlHMqgIjqoYbU812X5oj5cwbRrEh6Va4LNLumB2Nt6IQ==

discord-player@^6.6.1:
  version "6.6.1"
  resolved "https://registry.npmjs.org/discord-player/-/discord-player-6.6.1.tgz"
  integrity sha512-l72ql51uya3Uq5VrTPvR6xWBHOa3lI9oWTl7YDDHvofMXEYLgqAuDlyuelQ7AY+lUC7FOK7MoS2QgVFHeAciNw==
  dependencies:
    "@discord-player/equalizer" "^0.2.2"
    "@discord-player/ffmpeg" "^0.1.0"
    "@discord-player/utils" "^0.2.2"
    "@discordjs/voice" latest
    libsodium-wrappers "^0.7.10"

discord.js-selfbot-v13@^2.14.12:
  version "2.14.12"
  resolved "https://registry.yarnpkg.com/discord.js-selfbot-v13/-/discord.js-selfbot-v13-2.14.12.tgz#9cbd13d6ac78a8fcae7891d1d6e190550ece23e9"
  integrity sha512-3AcRA8VtMovXfojvXFg7lBkev7e5/VDGoJUhVqRFXHB+frfqRkm9bE9tTsxwptfqit8ZGRSMn4/Zbpl5h5TN6g==
  dependencies:
    "@aikochan2k6/qrcode-terminal" "^0.12.1"
    "@discordjs/builders" "^1.6.3"
    "@discordjs/collection" "^1.5.3"
    "@discordjs/voice" "^0.16.0"
    "@sapphire/async-queue" "^1.5.0"
    "@sapphire/shapeshift" "^3.9.3"
    "@types/node-fetch" "^2.6.7"
    "@types/ws" "^8.5.8"
    chalk "^4.1.2"
    discord-api-types "^0.37.61"
    fetch-cookie "^2.1.0"
    form-data "^4.0.0"
    json-bigint "^1.0.0"
    lodash.permutations "^1.0.0"
    node-fetch "^2.6.9"
    safe-base64 "^2.0.1-0"
    string-similarity "^4.0.4"
    string_decoder "^1.3.0"
    tough-cookie "^4.1.3"
    ws "^8.14.2"

end-of-stream@^1.1.0, end-of-stream@^1.4.1:
  version "1.4.4"
  resolved "https://registry.npmjs.org/end-of-stream/-/end-of-stream-1.4.4.tgz"
  integrity sha512-+uw1inIHVPQoaVuHzRyXd21icM+cnt4CzD5rW+NC1wjOUSTOs+Te7FOv7AhN7vS9x/oIyhLP5PR1H+phQAHu5Q==
  dependencies:
    once "^1.4.0"

enmap@^5.9.8:
  version "5.9.8"
  resolved "https://registry.npmjs.org/enmap/-/enmap-5.9.8.tgz"
  integrity sha512-6hLGXpZ3KjiR35JkmwdHSM316TTznSl9QslsS4p7DNZNoKDGqmKnyIiP8pcKNk8BnNgcUBmPOic5siHWqCaIVA==
  dependencies:
    better-sqlite3 "^8.4.0"
    lodash "^4.17.21"
    on-change "^3.0.2"
    serialize-javascript "^6.0.1"

expand-template@^2.0.3:
  version "2.0.3"
  resolved "https://registry.npmjs.org/expand-template/-/expand-template-2.0.3.tgz"
  integrity sha512-XYfuKMvj4O35f/pOXLObndIRvyQ+/+6AhODh+OKWj9S9498pHHn/IMszH+gt0fBCRWMNfk1ZSp5x3AifmnI2vg==

fast-deep-equal@^3.1.3:
  version "3.1.3"
  resolved "https://registry.npmjs.org/fast-deep-equal/-/fast-deep-equal-3.1.3.tgz"
  integrity sha512-f3qQ9oQy9j2AhBe/H9VC91wLmKBCCU/gDOnKNAYG5hswO7BLKj09Hc5HYNz9cGI++xlpDCIgDaitVs03ATR84Q==

fetch-cookie@^2.1.0:
  version "2.1.0"
  resolved "https://registry.npmjs.org/fetch-cookie/-/fetch-cookie-2.1.0.tgz"
  integrity sha512-39+cZRbWfbibmj22R2Jy6dmTbAWC+oqun1f1FzQaNurkPDUP4C38jpeZbiXCR88RKRVDp8UcDrbFXkNhN+NjYg==
  dependencies:
    set-cookie-parser "^2.4.8"
    tough-cookie "^4.0.0"

file-uri-to-path@1.0.0:
  version "1.0.0"
  resolved "https://registry.npmjs.org/file-uri-to-path/-/file-uri-to-path-1.0.0.tgz"
  integrity sha512-0Zt+s3L7Vf1biwWZ29aARiVYLx7iMGnEUl9x33fbB/j3jR81u/O2LbqK+Bm1CDSNDKVtJ/YjwY7TUd5SkeLQLw==

form-data@^4.0.0:
  version "4.0.0"
  resolved "https://registry.npmjs.org/form-data/-/form-data-4.0.0.tgz"
  integrity sha512-ETEklSGi5t0QMZuiXoA/Q6vcnxcLQP5vdugSpuAyi6SVGi2clPPp+xgEhuMaHC+zGgn31Kd235W35f7Hykkaww==
  dependencies:
    asynckit "^0.4.0"
    combined-stream "^1.0.8"
    mime-types "^2.1.12"

fs-constants@^1.0.0:
  version "1.0.0"
  resolved "https://registry.npmjs.org/fs-constants/-/fs-constants-1.0.0.tgz"
  integrity sha512-y6OAwoSIf7FyjMIv94u+b5rdheZEjzR63GTyZJm5qh4Bi+2YgwLCcI/fPFZkL5PSixOt6ZNKm+w+Hfp/Bciwow==

github-from-package@0.0.0:
  version "0.0.0"
  resolved "https://registry.npmjs.org/github-from-package/-/github-from-package-0.0.0.tgz"
  integrity sha512-SyHy3T1v2NUXn29OsWdxmK6RwHD+vkj3v8en8AOBZ1wBQ/hCAQ5bAQTD02kW4W9tUp/3Qh6J8r9EvntiyCmOOw==

has-flag@^4.0.0:
  version "4.0.0"
  resolved "https://registry.npmjs.org/has-flag/-/has-flag-4.0.0.tgz"
  integrity sha512-EykJT/Q1KjTWctppgIAgfSO0tKVuZUjhgMr17kqTumMl6Afv3EISleU7qZUzoXDFTAHTDC4NOoG/ZxU3EvlMPQ==

ieee754@^1.1.13:
  version "1.2.1"
  resolved "https://registry.npmjs.org/ieee754/-/ieee754-1.2.1.tgz"
  integrity sha512-dcyqhDvX1C46lXZcVqCpK+FtMRQVdIMN6/Df5js2zouUsqG7I6sFxitIC+7KYK29KdXOLHdu9zL4sFnoVQnqaA==

inherits@^2.0.3, inherits@^2.0.4:
  version "2.0.4"
  resolved "https://registry.npmjs.org/inherits/-/inherits-2.0.4.tgz"
  integrity sha512-k/vGaX4/Yla3WzyMCvTQOXYeIHvqOKtnqBduzTHpzpQZzAskKMhZ2K+EnBiSM9zGSoIFeMpXKxa4dYeZIQqewQ==

ini@~1.3.0:
  version "1.3.8"
  resolved "https://registry.npmjs.org/ini/-/ini-1.3.8.tgz"
  integrity sha512-JV/yugV2uzW5iMRSiZAyDtQd+nxtUnjeLt0acNdw98kKLrvuRVyB80tsREOE7yvGVgalhZ6RNXCmEHkUKBKxew==

json-bigint@^1.0.0:
  version "1.0.0"
  resolved "https://registry.npmjs.org/json-bigint/-/json-bigint-1.0.0.tgz"
  integrity sha512-SiPv/8VpZuWbvLSMtTDU8hEfrZWg/mH/nV/b4o0CYbSxu1UIQPLdwKOCIyLQX+VIPO5vrLX3i8qtqFyhdPSUSQ==
  dependencies:
    bignumber.js "^9.0.0"

libsodium-wrappers@^0.7.10:
  version "0.7.11"
  resolved "https://registry.npmjs.org/libsodium-wrappers/-/libsodium-wrappers-0.7.11.tgz"
  integrity sha512-SrcLtXj7BM19vUKtQuyQKiQCRJPgbpauzl3s0rSwD+60wtHqSUuqcoawlMDheCJga85nKOQwxNYQxf/CKAvs6Q==
  dependencies:
    libsodium "^0.7.11"

libsodium@^0.7.11:
  version "0.7.11"
  resolved "https://registry.npmjs.org/libsodium/-/libsodium-0.7.11.tgz"
  integrity sha512-WPfJ7sS53I2s4iM58QxY3Inb83/6mjlYgcmZs7DJsvDlnmVUwNinBCi5vBT43P6bHRy01O4zsMU2CoVR6xJ40A==

lodash.permutations@^1.0.0:
  version "1.0.0"
  resolved "https://registry.npmjs.org/lodash.permutations/-/lodash.permutations-1.0.0.tgz"
  integrity sha512-0hFwfPb1V63YefDRGyR3iLDwdOEiNwxb1E3QQfGfytwha9wxb8ZRI1TrIAUPBG/GRGs51ctYvsNWrp+slXC9pw==

lodash@^4.17.21:
  version "4.17.21"
  resolved "https://registry.npmjs.org/lodash/-/lodash-4.17.21.tgz"
  integrity sha512-v2kDEe57lecTulaDIuNTPy3Ry4gLGJ6Z1O3vE1krgXZNrsQ+LFTGHVxVjcXPs17LhbZVGedAJv8XZ1tvj5FvSg==

lru-cache@^6.0.0:
  version "6.0.0"
  resolved "https://registry.npmjs.org/lru-cache/-/lru-cache-6.0.0.tgz"
  integrity sha512-Jo6dJ04CmSjuznwJSS3pUeWmd/H0ffTlkXXgwZi+eq1UCmqQwCh+eLsYOYCwY991i2Fah4h1BEMCx4qThGbsiA==
  dependencies:
    yallist "^4.0.0"

m3u8stream@^0.8.6:
  version "0.8.6"
  resolved "https://registry.npmjs.org/m3u8stream/-/m3u8stream-0.8.6.tgz"
  integrity sha512-LZj8kIVf9KCphiHmH7sbFQTVe4tOemb202fWwvJwR9W5ENW/1hxJN6ksAWGhQgSBSa3jyWhnjKU1Fw1GaOdbyA==
  dependencies:
    miniget "^4.2.2"
    sax "^1.2.4"

mime-db@1.52.0:
  version "1.52.0"
  resolved "https://registry.npmjs.org/mime-db/-/mime-db-1.52.0.tgz"
  integrity sha512-sPU4uV7dYlvtWJxwwxHD0PuihVNiE7TyAbQ5SWxDCB9mUYvOgroQOwYQQOKPJ8CIbE+1ETVlOoK1UC2nU3gYvg==

mime-types@^2.1.12:
  version "2.1.35"
  resolved "https://registry.npmjs.org/mime-types/-/mime-types-2.1.35.tgz"
  integrity sha512-ZDY+bPm5zTTF+YpCrAU9nK0UgICYPT0QtT1NZWFv4s++TNkcgVaT0g6+4R2uI4MjQjzysHB1zxuWL50hzaeXiw==
  dependencies:
    mime-db "1.52.0"

mimic-response@^3.1.0:
  version "3.1.0"
  resolved "https://registry.npmjs.org/mimic-response/-/mimic-response-3.1.0.tgz"
  integrity sha512-z0yWI+4FDrrweS8Zmt4Ej5HdJmky15+L2e6Wgn3+iK5fWzb6T3fhNFq2+MeTRb064c6Wr4N/wv0DzQTjNzHNGQ==

miniget@^4.2.2:
  version "4.2.3"
  resolved "https://registry.npmjs.org/miniget/-/miniget-4.2.3.tgz"
  integrity sha512-SjbDPDICJ1zT+ZvQwK0hUcRY4wxlhhNpHL9nJOB2MEAXRGagTljsO8MEDzQMTFf0Q8g4QNi8P9lEm/g7e+qgzA==

minimist@^1.2.0, minimist@^1.2.3:
  version "1.2.8"
  resolved "https://registry.npmjs.org/minimist/-/minimist-1.2.8.tgz"
  integrity sha512-2yyAR8qBkN3YuheJanUpWC5U3bb5osDywNB8RzDVlDwDHbocAJveqqj1u8+SVD7jkWT4yvsHCpWqqWqAxb0zCA==

mkdirp-classic@^0.5.2, mkdirp-classic@^0.5.3:
  version "0.5.3"
  resolved "https://registry.npmjs.org/mkdirp-classic/-/mkdirp-classic-0.5.3.tgz"
  integrity sha512-gKLcREMhtuZRwRAfqP3RFW+TK4JqApVBtOIftVgjuABpAtpxhPGaDcfvbhNvD0B8iD1oUr/txX35NjcaY6Ns/A==

napi-build-utils@^1.0.1:
  version "1.0.2"
  resolved "https://registry.npmjs.org/napi-build-utils/-/napi-build-utils-1.0.2.tgz"
  integrity sha512-ONmRUqK7zj7DWX0D9ADe03wbwOBZxNAfF20PlGfCWQcD3+/MakShIHrMqx9YwPTfxDdF1zLeL+RGZiR9kGMLdg==

node-abi@^3.3.0:
  version "3.45.0"
  resolved "https://registry.npmjs.org/node-abi/-/node-abi-3.45.0.tgz"
  integrity sha512-iwXuFrMAcFVi/ZoZiqq8BzAdsLw9kxDfTC0HMyjXfSL/6CSDAGD5UmR7azrAgWV1zKYq7dUUMj4owusBWKLsiQ==
  dependencies:
    semver "^7.3.5"

node-fetch@^2.6.9:
  version "2.6.12"
  resolved "https://registry.npmjs.org/node-fetch/-/node-fetch-2.6.12.tgz"
  integrity sha512-C/fGU2E8ToujUivIO0H+tpQ6HWo4eEmchoPIoXtxCrVghxdKq+QOHqEZW7tuP3KlV3bC8FRMO5nMCC7Zm1VP6g==
  dependencies:
    whatwg-url "^5.0.0"

on-change@^3.0.2:
  version "3.0.2"
  resolved "https://registry.npmjs.org/on-change/-/on-change-3.0.2.tgz"
  integrity sha512-rdt5YfIfo86aFNwvQqzzHMpaPPyVQ/XjcGK01d46chZh47G8Xzvoao79SgFb03GZfxRGREzNQVJuo31drqyIlA==

once@^1.3.1, once@^1.4.0:
  version "1.4.0"
  resolved "https://registry.npmjs.org/once/-/once-1.4.0.tgz"
  integrity sha512-lNaJgI+2Q5URQBkccEKHTQOPaXdUxnZZElQTZY0MFUAuaEqe1E+Nyvgdz/aIyNi6Z9MzO5dv1H8n58/GELp3+w==
  dependencies:
    wrappy "1"

prebuild-install@^7.1.0:
  version "7.1.1"
  resolved "https://registry.npmjs.org/prebuild-install/-/prebuild-install-7.1.1.tgz"
  integrity sha512-jAXscXWMcCK8GgCoHOfIr0ODh5ai8mj63L2nWrjuAgXE6tDyYGnx4/8o/rCgU+B4JSyZBKbeZqzhtwtC3ovxjw==
  dependencies:
    detect-libc "^2.0.0"
    expand-template "^2.0.3"
    github-from-package "0.0.0"
    minimist "^1.2.3"
    mkdirp-classic "^0.5.3"
    napi-build-utils "^1.0.1"
    node-abi "^3.3.0"
    pump "^3.0.0"
    rc "^1.2.7"
    simple-get "^4.0.0"
    tar-fs "^2.0.0"
    tunnel-agent "^0.6.0"

prism-media@^1.3.5:
  version "1.3.5"
  resolved "https://registry.npmjs.org/prism-media/-/prism-media-1.3.5.tgz"
  integrity sha512-IQdl0Q01m4LrkN1EGIE9lphov5Hy7WWlH6ulf5QdGePLlPas9p2mhgddTEHrlaXYjjFToM1/rWuwF37VF4taaA==

psl@^1.1.33:
  version "1.9.0"
  resolved "https://registry.npmjs.org/psl/-/psl-1.9.0.tgz"
  integrity sha512-E/ZsdU4HLs/68gYzgGTkMicWTLPdAftJLfJFlLUAAKZGkStNU72sZjT66SnMDVOfOWY/YAoiD7Jxa9iHvngcag==

pump@^3.0.0:
  version "3.0.0"
  resolved "https://registry.npmjs.org/pump/-/pump-3.0.0.tgz"
  integrity sha512-LwZy+p3SFs1Pytd/jYct4wpv49HiYCqd9Rlc5ZVdk0V+8Yzv6jR5Blk3TRmPL1ft69TxP0IMZGJ+WPFU2BFhww==
  dependencies:
    end-of-stream "^1.1.0"
    once "^1.3.1"

punycode@^2.1.1:
  version "2.3.0"
  resolved "https://registry.npmjs.org/punycode/-/punycode-2.3.0.tgz"
  integrity sha512-rRV+zQD8tVFys26lAGR9WUuS4iUAngJScM+ZRSKtvl5tKeZ2t5bvdNFdNHBW9FWR4guGHlgmsZ1G7BSm2wTbuA==

querystringify@^2.1.1:
  version "2.2.0"
  resolved "https://registry.npmjs.org/querystringify/-/querystringify-2.2.0.tgz"
  integrity sha512-FIqgj2EUvTa7R50u0rGsyTftzjYmv/a3hO345bZNrqabNqjtgiDMgmo4mkUjd+nzU5oF3dClKqFIPUKybUyqoQ==

randombytes@^2.1.0:
  version "2.1.0"
  resolved "https://registry.npmjs.org/randombytes/-/randombytes-2.1.0.tgz"
  integrity sha512-vYl3iOX+4CKUWuxGi9Ukhie6fsqXqS9FE2Zaic4tNFD2N2QQaXOMFbuKK4QmDHC0JO6B1Zp41J0LpT0oR68amQ==
  dependencies:
    safe-buffer "^5.1.0"

rc@^1.2.7:
  version "1.2.8"
  resolved "https://registry.npmjs.org/rc/-/rc-1.2.8.tgz"
  integrity sha512-y3bGgqKj3QBdxLbLkomlohkvsA8gdAiUQlSBJnBhfn+BPxg4bc62d8TcBW15wavDfgexCgccckhcZvywyQYPOw==
  dependencies:
    deep-extend "^0.6.0"
    ini "~1.3.0"
    minimist "^1.2.0"
    strip-json-comments "~2.0.1"

readable-stream@^3.1.1, readable-stream@^3.4.0:
  version "3.6.2"
  resolved "https://registry.npmjs.org/readable-stream/-/readable-stream-3.6.2.tgz"
  integrity sha512-9u/sniCrY3D5WdsERHzHE4G2YCXqoG5FTHUiCC4SIbr6XcLZBY05ya9EKjYek9O5xOAwjGq+1JdGBAS7Q9ScoA==
  dependencies:
    inherits "^2.0.3"
    string_decoder "^1.1.1"
    util-deprecate "^1.0.1"

requires-port@^1.0.0:
  version "1.0.0"
  resolved "https://registry.npmjs.org/requires-port/-/requires-port-1.0.0.tgz"
  integrity sha512-KigOCHcocU3XODJxsu8i/j8T9tzT4adHiecwORRQ0ZZFcp7ahwXuRU1m+yuO90C5ZUyGeGfocHDI14M3L3yDAQ==

safe-base64@^2.0.1-0:
  version "2.0.1-0"
  resolved "https://registry.npmjs.org/safe-base64/-/safe-base64-2.0.1-0.tgz"
  integrity sha512-ZoFf0RRp5NpNkgupFq3oILwFC5wzR8TD+U9WbWAMk4iryuBvyOP/p8nrc5qtDFlqHxL8rwbr/t+rRjsIYZsJrg==

safe-buffer@^5.0.1, safe-buffer@^5.1.0, safe-buffer@~5.2.0:
  version "5.2.1"
  resolved "https://registry.npmjs.org/safe-buffer/-/safe-buffer-5.2.1.tgz"
  integrity sha512-rp3So07KcdmmKbGvgaNxQSJr7bGVSVk5S9Eq1F+ppbRo70+YeaDxkw5Dd8NPN+GD6bjnYm2VuPuCXmpuYvmCXQ==

sax@^1.1.3, sax@^1.2.4:
  version "1.2.4"
  resolved "https://registry.npmjs.org/sax/-/sax-1.2.4.tgz"
  integrity sha512-NqVDv9TpANUjFm0N8uM5GxL36UgKi9/atZw+x7YFnQ8ckwFGKrl4xX4yWtrey3UJm5nP1kUbnYgLopqWNSRhWw==

semver@^7.3.5:
  version "7.5.4"
  resolved "https://registry.npmjs.org/semver/-/semver-7.5.4.tgz"
  integrity sha512-1bCSESV6Pv+i21Hvpxp3Dx+pSD8lIPt8uVjRrxAUt/nbswYc+tK6Y2btiULjd4+fnq15PX+nqQDC7Oft7WkwcA==
  dependencies:
    lru-cache "^6.0.0"

serialize-javascript@^6.0.1:
  version "6.0.1"
  resolved "https://registry.npmjs.org/serialize-javascript/-/serialize-javascript-6.0.1.tgz"
  integrity sha512-owoXEFjWRllis8/M1Q+Cw5k8ZH40e3zhp/ovX+Xr/vi1qj6QesbyXXViFbpNvWvPNAD62SutwEXavefrLJWj7w==
  dependencies:
    randombytes "^2.1.0"

set-cookie-parser@^2.4.8:
  version "2.6.0"
  resolved "https://registry.npmjs.org/set-cookie-parser/-/set-cookie-parser-2.6.0.tgz"
  integrity sha512-RVnVQxTXuerk653XfuliOxBP81Sf0+qfQE73LIYKcyMYHG94AuH0kgrQpRDuTZnSmjpysHmzxJXKNfa6PjFhyQ==

simple-concat@^1.0.0:
  version "1.0.1"
  resolved "https://registry.npmjs.org/simple-concat/-/simple-concat-1.0.1.tgz"
  integrity sha512-cSFtAPtRhljv69IK0hTVZQ+OfE9nePi/rtJmw5UjHeVyVroEqJXP1sFztKUy1qU+xvz3u/sfYJLa947b7nAN2Q==

simple-get@^4.0.0:
  version "4.0.1"
  resolved "https://registry.npmjs.org/simple-get/-/simple-get-4.0.1.tgz"
  integrity sha512-brv7p5WgH0jmQJr1ZDDfKDOSeWWg+OVypG99A/5vYGPqJ6pxiaHLy8nxtFjBA7oMa01ebA9gfh1uMCFqOuXxvA==
  dependencies:
    decompress-response "^6.0.0"
    once "^1.3.1"
    simple-concat "^1.0.0"

string-similarity@^4.0.4:
  version "4.0.4"
  resolved "https://registry.npmjs.org/string-similarity/-/string-similarity-4.0.4.tgz"
  integrity sha512-/q/8Q4Bl4ZKAPjj8WerIBJWALKkaPRfrvhfF8k/B23i4nzrlRj2/go1m90In7nG/3XDSbOo0+pu6RvCTM9RGMQ==

string_decoder@^1.1.1, string_decoder@^1.3.0:
  version "1.3.0"
  resolved "https://registry.npmjs.org/string_decoder/-/string_decoder-1.3.0.tgz"
  integrity sha512-hkRX8U1WjJFd8LsDJ2yQ/wWWxaopEsABU1XfkM8A+j0+85JAGppt16cr1Whg6KIbb4okU6Mql6BOj+uup/wKeA==
  dependencies:
    safe-buffer "~5.2.0"

strip-json-comments@~2.0.1:
  version "2.0.1"
  resolved "https://registry.npmjs.org/strip-json-comments/-/strip-json-comments-2.0.1.tgz"
  integrity sha512-4gB8na07fecVVkOI6Rs4e7T6NOTki5EmL7TUduTs6bu3EdnSycntVJ4re8kgZA+wx9IueI2Y11bfbgwtzuE0KQ==

supports-color@^7.1.0:
  version "7.2.0"
  resolved "https://registry.npmjs.org/supports-color/-/supports-color-7.2.0.tgz"
  integrity sha512-qpCAvRl9stuOHveKsn7HncJRvv501qIacKzQlO/+Lwxc9+0q2wLyv4Dfvt80/DPn2pqOBsJdDiogXGR9+OvwRw==
  dependencies:
    has-flag "^4.0.0"

tar-fs@^2.0.0:
  version "2.1.1"
  resolved "https://registry.npmjs.org/tar-fs/-/tar-fs-2.1.1.tgz"
  integrity sha512-V0r2Y9scmbDRLCNex/+hYzvp/zyYjvFbHPNgVTKfQvVrb6guiE/fxP+XblDNR011utopbkex2nM4dHNV6GDsng==
  dependencies:
    chownr "^1.1.1"
    mkdirp-classic "^0.5.2"
    pump "^3.0.0"
    tar-stream "^2.1.4"

tar-stream@^2.1.4:
  version "2.2.0"
  resolved "https://registry.npmjs.org/tar-stream/-/tar-stream-2.2.0.tgz"
  integrity sha512-ujeqbceABgwMZxEJnk2HDY2DlnUZ+9oEcb1KzTVfYHio0UE6dG71n60d8D2I4qNvleWrrXpmjpt7vZeF1LnMZQ==
  dependencies:
    bl "^4.0.3"
    end-of-stream "^1.4.1"
    fs-constants "^1.0.0"
    inherits "^2.0.3"
    readable-stream "^3.1.1"

tough-cookie@^4.0.0, tough-cookie@^4.1.3:
  version "4.1.3"
  resolved "https://registry.npmjs.org/tough-cookie/-/tough-cookie-4.1.3.tgz"
  integrity sha512-aX/y5pVRkfRnfmuX+OdbSdXvPe6ieKX/G2s7e98f4poJHnqH3281gDPm/metm6E/WRamfx7WC4HUqkWHfQHprw==
  dependencies:
    psl "^1.1.33"
    punycode "^2.1.1"
    universalify "^0.2.0"
    url-parse "^1.5.3"

tr46@~0.0.3:
  version "0.0.3"
  resolved "https://registry.npmjs.org/tr46/-/tr46-0.0.3.tgz"
  integrity sha512-N3WMsuqV66lT30CrXNbEjx4GEwlow3v6rr4mCcv6prnfwhS01rkgyFdjPNBYd9br7LpXV1+Emh01fHnq2Gdgrw==

ts-mixer@^6.0.3:
  version "6.0.3"
  resolved "https://registry.npmjs.org/ts-mixer/-/ts-mixer-6.0.3.tgz"
  integrity sha512-k43M7uCG1AkTyxgnmI5MPwKoUvS/bRvLvUb7+Pgpdlmok8AoqmUaZxUUw8zKM5B1lqZrt41GjYgnvAi0fppqgQ==

tslib@^2.5.0:
  version "2.6.0"
  resolved "https://registry.npmjs.org/tslib/-/tslib-2.6.0.tgz"
  integrity sha512-7At1WUettjcSRHXCyYtTselblcHl9PJFFVKiCAy/bY97+BPZXSQ2wbq0P9s8tK2G7dFQfNnlJnPAiArVBVBsfA==

tunnel-agent@^0.6.0:
  version "0.6.0"
  resolved "https://registry.npmjs.org/tunnel-agent/-/tunnel-agent-0.6.0.tgz"
  integrity sha512-McnNiV1l8RYeY8tBgEpuodCC1mLUdbSN+CYBL7kJsJNInOP8UjDDEwdk6Mw60vdLLrr5NHKZhMAOSrR2NZuQ+w==
  dependencies:
    safe-buffer "^5.0.1"

universalify@^0.2.0:
  version "0.2.0"
  resolved "https://registry.npmjs.org/universalify/-/universalify-0.2.0.tgz"
  integrity sha512-CJ1QgKmNg3CwvAv/kOFmtnEN05f0D/cn9QntgNOQlQF9dgvVTHj3t+8JPdjqawCHk7V/KA+fbUqzZ9XWhcqPUg==

url-parse@^1.5.3:
  version "1.5.10"
  resolved "https://registry.npmjs.org/url-parse/-/url-parse-1.5.10.tgz"
  integrity sha512-WypcfiRhfeUP9vvF0j6rw0J3hrWrw6iZv3+22h6iRMJ/8z1Tj6XfLP4DsUix5MhMPnXpiHDoKyoZ/bdCkwBCiQ==
  dependencies:
    querystringify "^2.1.1"
    requires-port "^1.0.0"

util-deprecate@^1.0.1:
  version "1.0.2"
  resolved "https://registry.npmjs.org/util-deprecate/-/util-deprecate-1.0.2.tgz"
  integrity sha512-EPD5q1uXyFxJpCrLnCc1nHnq3gOa6DZBocAIiI2TaSCA7VCJ1UJDMagCzIkXNsUYfD1daK//LTEQ8xiIbrHtcw==

webidl-conversions@^3.0.0:
  version "3.0.1"
  resolved "https://registry.npmjs.org/webidl-conversions/-/webidl-conversions-3.0.1.tgz"
  integrity sha512-2JAn3z8AR6rjK8Sm8orRC0h/bcl/DqL7tRPdGZ4I1CjdF+EaMLmYxBHyXuKL849eucPFhvBoxMsflfOb8kxaeQ==

whatwg-url@^5.0.0:
  version "5.0.0"
  resolved "https://registry.npmjs.org/whatwg-url/-/whatwg-url-5.0.0.tgz"
  integrity sha512-saE57nupxk6v3HY35+jzBwYa0rKSy0XR8JSxZPwgLr7ys0IBzhGviA1/TUGJLmSVqs8pb9AnvICXEuOHLprYTw==
  dependencies:
    tr46 "~0.0.3"
    webidl-conversions "^3.0.0"

wrappy@1:
  version "1.0.2"
  resolved "https://registry.npmjs.org/wrappy/-/wrappy-1.0.2.tgz"
  integrity sha512-l4Sp/DRseor9wL6EvV2+TuQn63dMkPjZ/sp9XkghTEbV9KlPS1xUsZ3u7/IQO4wxtcFB4bgpQPRcR3QCvezPcQ==

ws@^8.13.0, ws@^8.14.2:
  version "8.14.2"
  resolved "https://registry.yarnpkg.com/ws/-/ws-8.14.2.tgz#6c249a806eb2db7a20d26d51e7709eab7b2e6c7f"
  integrity sha512-wEBG1ftX4jcglPxgFCMJmZ2PLtSbJ2Peg6TmpJFTbe9GZYOQCDPdMYu/Tm0/bGZkw8paZnJY45J4K2PZrLYq8g==

yallist@^4.0.0:
  version "4.0.0"
  resolved "https://registry.npmjs.org/yallist/-/yallist-4.0.0.tgz"
  integrity sha512-3wdGidZyq5PB084XLES5TpOSRA3wjXAlIWMhum2kRcv/41Sn2emQ0dycQW4uZXLejwKvg6EsvbdlVL+FYEct7A==

ytdl-core@^4.11.4:
  version "4.11.4"
  resolved "https://registry.npmjs.org/ytdl-core/-/ytdl-core-4.11.4.tgz"
  integrity sha512-tsVvqt++B5LSTMnCKQb4H/PFBewKj7gGPJ6KIM5gOFGMKNZj4qglGAl4QGFG8cNPP6wY54P80FDID5eN2di0GQ==
  dependencies:
    m3u8stream "^0.8.6"
    miniget "^4.2.2"
    sax "^1.1.3"
